
Microsoft Visual Studio Solution File, Format Version 12.00
# Visual Studio Version 17
VisualStudioVersion = 17.3.32922.545
MinimumVisualStudioVersion = 10.0.40219.1
Project("{9A19103F-16F7-4668-BE54-9A1E7A4F7556}") = "BirthdayCLI", "BirthdayCLI\BirthdayCLI.csproj", "{67500AA0-FF3E-4C1B-933A-047D2F565537}"
	ProjectSection(ProjectDependencies) = postProject
		{308A5213-E211-42EC-B45A-5C4692A98BFF} = {308A5213-E211-42EC-B45A-5C4692A98BFF}
		{82DD18A9-BA43-4242-9525-58DD7944733F} = {82DD18A9-BA43-4242-9525-58DD7944733F}
	EndProjectSection
EndProject
Project("{9A19103F-16F7-4668-BE54-9A1E7A4F7556}") = "CLIHelpers", "CLIHelpers\CLIHelpers.csproj", "{308A5213-E211-42EC-B45A-5C4692A98BFF}"
EndProject
Project("{9A19103F-16F7-4668-BE54-9A1E7A4F7556}") = "Data", "Data\Data.csproj", "{82DD18A9-BA43-4242-9525-58DD7944733F}"
EndProject
Project("{FAE04EC0-301F-11D3-BF4B-00C04F79EFBC}") = "Interfaces", "Interfaces\Interfaces.csproj", "{836A1BA4-37B3-490E-90C0-73B86F622341}"
	ProjectSection(ProjectDependencies) = postProject
		{82DD18A9-BA43-4242-9525-58DD7944733F} = {82DD18A9-BA43-4242-9525-58DD7944733F}
	EndProjectSection
EndProject
Global
	GlobalSection(SolutionConfigurationPlatforms) = preSolution
		Debug|Any CPU = Debug|Any CPU
		Release|Any CPU = Release|Any CPU
	EndGlobalSection
	GlobalSection(ProjectConfigurationPlatforms) = postSolution
		{67500AA0-FF3E-4C1B-933A-047D2F565537}.Debug|Any CPU.ActiveCfg = Debug|Any CPU
		{67500AA0-FF3E-4C1B-933A-047D2F565537}.Debug|Any CPU.Build.0 = Debug|Any CPU
		{67500AA0-FF3E-4C1B-933A-047D2F565537}.Release|Any CPU.ActiveCfg = Release|Any CPU
		{67500AA0-FF3E-4C1B-933A-047D2F565537}.Release|Any CPU.Build.0 = Release|Any CPU
		{308A5213-E211-42EC-B45A-5C4692A98BFF}.Debug|Any CPU.ActiveCfg = Debug|Any CPU
		{308A5213-E211-42EC-B45A-5C4692A98BFF}.Debug|Any CPU.Build.0 = Debug|Any CPU
		{308A5213-E211-42EC-B45A-5C4692A98BFF}.Release|Any CPU.ActiveCfg = Release|Any CPU
		{308A5213-E211-42EC-B45A-5C4692A98BFF}.Release|Any CPU.Build.0 = Release|Any CPU
		{82DD18A9-BA43-4242-9525-58DD7944733F}.Debug|Any CPU.ActiveCfg = Debug|Any CPU
		{82DD18A9-BA43-4242-9525-58DD7944733F}.Debug|Any CPU.Build.0 = Debug|Any CPU
		{82DD18A9-BA43-4242-9525-58DD7944733F}.Release|Any CPU.ActiveCfg = Release|Any CPU
		{82DD18A9-BA43-4242-9525-58DD7944733F}.Release|Any CPU.Build.0 = Release|Any CPU
		{836A1BA4-37B3-490E-90C0-73B86F622341}.Debug|Any CPU.ActiveCfg = Debug|Any CPU
		{836A1BA4-37B3-490E-90C0-73B86F622341}.Debug|Any CPU.Build.0 = Debug|Any CPU
		{836A1BA4-37B3-490E-90C0-73B86F622341}.Release|Any CPU.ActiveCfg = Release|Any CPU
		{836A1BA4-37B3-490E-90C0-73B86F622341}.Release|Any CPU.Build.0 = Release|Any CPU
	EndGlobalSection
	GlobalSection(SolutionProperties) = preSolution
		HideSolutionNode = FALSE
	EndGlobalSection
	GlobalSection(ExtensibilityGlobals) = postSolution
		SolutionGuid = {C84E1F65-D29A-4229-91B8-9F5234BD9C2C}
	EndGlobalSection
EndGlobal
